
Microsoft Visual Studio Solution File, Format Version 12.00
# Visual Studio 2013
VisualStudioVersion = 12.0.21005.1
MinimumVisualStudioVersion = 10.0.40219.1
Project("{8BC9CEB8-8B4A-11D0-8D11-00A0C91BC942}") = "1041439-hw2-1-while", "1041439-hw2-1-while.vcxproj", "{06B82FB2-4C1B-42CA-A9D2-4B5A66538DC8}"
EndProject
Global
	GlobalSection(SolutionConfigurationPlatforms) = preSolution
		Debug|Win32 = Debug|Win32
		Release|Win32 = Release|Win32
	EndGlobalSection
	GlobalSection(ProjectConfigurationPlatforms) = postSolution
		{06B82FB2-4C1B-42CA-A9D2-4B5A66538DC8}.Debug|Win32.ActiveCfg = Debug|Win32
		{06B82FB2-4C1B-42CA-A9D2-4B5A66538DC8}.Debug|Win32.Build.0 = Debug|Win32
		{06B82FB2-4C1B-42CA-A9D2-4B5A66538DC8}.Release|Win32.ActiveCfg = Release|Win32
		{06B82FB2-4C1B-42CA-A9D2-4B5A66538DC8}.Release|Win32.Build.0 = Release|Win32
	EndGlobalSection
	GlobalSection(SolutionProperties) = preSolution
		HideSolutionNode = FALSE
	EndGlobalSection
EndGlobal
